
Microsoft Visual Studio Solution File, Format Version 12.00
# Visual Studio Version 16
VisualStudioVersion = 16.0.30114.105
MinimumVisualStudioVersion = 10.0.40219.1
Project("{FAE04EC0-301F-11D3-BF4B-00C04F79EFBC}") = "radius", "radius\radius.csproj", "{4D9C093D-9723-4DF8-B07B-3A13B217BBE9}"
EndProject
Global
	GlobalSection(SolutionConfigurationPlatforms) = preSolution
		Debug|Any CPU = Debug|Any CPU
		Release|Any CPU = Release|Any CPU
	EndGlobalSection
	GlobalSection(ProjectConfigurationPlatforms) = postSolution
		{4D9C093D-9723-4DF8-B07B-3A13B217BBE9}.Debug|Any CPU.ActiveCfg = Debug|Any CPU
		{4D9C093D-9723-4DF8-B07B-3A13B217BBE9}.Debug|Any CPU.Build.0 = Debug|Any CPU
		{4D9C093D-9723-4DF8-B07B-3A13B217BBE9}.Release|Any CPU.ActiveCfg = Release|Any CPU
		{4D9C093D-9723-4DF8-B07B-3A13B217BBE9}.Release|Any CPU.Build.0 = Release|Any CPU
	EndGlobalSection
	GlobalSection(SolutionProperties) = preSolution
		HideSolutionNode = FALSE
	EndGlobalSection
	GlobalSection(ExtensibilityGlobals) = postSolution
		SolutionGuid = {E2BDAA07-B676-4582-8ED2-A6C841B072E0}
	EndGlobalSection
EndGlobal
